
Microsoft Visual Studio Solution File, Format Version 12.00
# Visual Studio Version 16
VisualStudioVersion = 16.0.29728.190
MinimumVisualStudioVersion = 10.0.40219.1
Project("{FAE04EC0-301F-11D3-BF4B-00C04F79EFBC}") = "20200330footgolf", "20200330footgolf\20200330footgolf.csproj", "{7DCCF086-8A45-4BCA-B290-75896EB5A737}"
EndProject
Global
	GlobalSection(SolutionConfigurationPlatforms) = preSolution
		Debug|Any CPU = Debug|Any CPU
		Release|Any CPU = Release|Any CPU
	EndGlobalSection
	GlobalSection(ProjectConfigurationPlatforms) = postSolution
		{7DCCF086-8A45-4BCA-B290-75896EB5A737}.Debug|Any CPU.ActiveCfg = Debug|Any CPU
		{7DCCF086-8A45-4BCA-B290-75896EB5A737}.Debug|Any CPU.Build.0 = Debug|Any CPU
		{7DCCF086-8A45-4BCA-B290-75896EB5A737}.Release|Any CPU.ActiveCfg = Release|Any CPU
		{7DCCF086-8A45-4BCA-B290-75896EB5A737}.Release|Any CPU.Build.0 = Release|Any CPU
	EndGlobalSection
	GlobalSection(SolutionProperties) = preSolution
		HideSolutionNode = FALSE
	EndGlobalSection
	GlobalSection(ExtensibilityGlobals) = postSolution
		SolutionGuid = {4DA89605-25ED-4E47-8C6C-6EEC8723E1DA}
	EndGlobalSection
EndGlobal
